{
  "name": "domo",
  "version": "1.0.0",
  "lockfileVersion": 3,
  "requires": true,
  "packages": {
    "": {
      "name": "domo",
      "version": "1.0.0",
      "license": "ISC",
      "dependencies": {
        "dht": "github:niklauslee/dht",
        "servo": "github:niklauslee/servo"
      }
    },
    "node_modules/dht": {
      "version": "1.0.0",
      "resolved": "git+ssh://git@github.com/niklauslee/dht.git#559b911cc6d6de6e74a9cf0f90dc93e6c51490d3"
    },
    "node_modules/servo": {
      "version": "1.0.0",
      "resolved": "git+ssh://git@github.com/niklauslee/servo.git#9275e87c9f9f52f7ad96e433536d45fbb5e4af87"
    }
  }
}
